PODS:
  - Flutter (1.0.0)
  - rust_lib_rush_demo (0.0.1):
    - Flutter

DEPENDENCIES:
  - Flutter (from `Flutter`)
  - rust_lib_rush_demo (from `.symlinks/plugins/rust_lib_rush_demo/ios`)

EXTERNAL SOURCES:
  Flutter:
    :path: Flutter
  rust_lib_rush_demo:
    :path: ".symlinks/plugins/rust_lib_rush_demo/ios"

SPEC CHECKSUMS:
  Flutter: cabc95a1d2626b1b06e7179b784ebcf0c0cde467
  rust_lib_rush_demo: a371c2bc374e576944f059afc4af2cca066fc332

PODFILE CHECKSUM: 3c63482e143d1b91d2d2560aee9fb04ecc74ac7e

COCOAPODS: 1.16.2
